
Microsoft Visual Studio Solution File, Format Version 12.00
# Visual Studio Version 17
VisualStudioVersion = 17.9.34723.18
MinimumVisualStudioVersion = 10.0.40219.1
Project("{9A19103F-16F7-4668-BE54-9A1E7A4F7556}") = "LeetCode", "LeetCode\LeetCode.csproj", "{5A15B90A-E17C-445C-843B-BAC8B0FE0E8D}"
EndProject
Project("{9A19103F-16F7-4668-BE54-9A1E7A4F7556}") = "LeetCode.Tests", "LeetCode.Test\LeetCode.Tests.csproj", "{7F433B18-EE3C-4B01-8DBE-7A65F6B13387}"
EndProject
Global
	GlobalSection(SolutionConfigurationPlatforms) = preSolution
		Debug|Any CPU = Debug|Any CPU
		Release|Any CPU = Release|Any CPU
	EndGlobalSection
	GlobalSection(ProjectConfigurationPlatforms) = postSolution
		{5A15B90A-E17C-445C-843B-BAC8B0FE0E8D}.Debug|Any CPU.ActiveCfg = Debug|Any CPU
		{5A15B90A-E17C-445C-843B-BAC8B0FE0E8D}.Debug|Any CPU.Build.0 = Debug|Any CPU
		{5A15B90A-E17C-445C-843B-BAC8B0FE0E8D}.Release|Any CPU.ActiveCfg = Release|Any CPU
		{5A15B90A-E17C-445C-843B-BAC8B0FE0E8D}.Release|Any CPU.Build.0 = Release|Any CPU
		{7F433B18-EE3C-4B01-8DBE-7A65F6B13387}.Debug|Any CPU.ActiveCfg = Debug|Any CPU
		{7F433B18-EE3C-4B01-8DBE-7A65F6B13387}.Debug|Any CPU.Build.0 = Debug|Any CPU
		{7F433B18-EE3C-4B01-8DBE-7A65F6B13387}.Release|Any CPU.ActiveCfg = Release|Any CPU
		{7F433B18-EE3C-4B01-8DBE-7A65F6B13387}.Release|Any CPU.Build.0 = Release|Any CPU
	EndGlobalSection
	GlobalSection(SolutionProperties) = preSolution
		HideSolutionNode = FALSE
	EndGlobalSection
	GlobalSection(ExtensibilityGlobals) = postSolution
		SolutionGuid = {E7081BF1-76C7-4EEC-8BCB-F51A30538596}
	EndGlobalSection
EndGlobal
